
Microsoft Visual Studio Solution File, Format Version 12.00
# Visual Studio Version 17
VisualStudioVersion = 17.14.36127.28 d17.14
MinimumVisualStudioVersion = 10.0.40219.1
Project("{FAE04EC0-301F-11D3-BF4B-00C04F79EFBC}") = "MIB_Select", "MIB_Select\MIB_Select.csproj", "{71FA359D-D6C9-45E7-B8DB-5421D82D946B}"
EndProject
Global
	GlobalSection(SolutionConfigurationPlatforms) = preSolution
		Debug|Any CPU = Debug|Any CPU
		Release|Any CPU = Release|Any CPU
	EndGlobalSection
	GlobalSection(ProjectConfigurationPlatforms) = postSolution
		{71FA359D-D6C9-45E7-B8DB-5421D82D946B}.Debug|Any CPU.ActiveCfg = Debug|Any CPU
		{71FA359D-D6C9-45E7-B8DB-5421D82D946B}.Debug|Any CPU.Build.0 = Debug|Any CPU
		{71FA359D-D6C9-45E7-B8DB-5421D82D946B}.Release|Any CPU.ActiveCfg = Release|Any CPU
		{71FA359D-D6C9-45E7-B8DB-5421D82D946B}.Release|Any CPU.Build.0 = Release|Any CPU
	EndGlobalSection
	GlobalSection(SolutionProperties) = preSolution
		HideSolutionNode = FALSE
	EndGlobalSection
	GlobalSection(ExtensibilityGlobals) = postSolution
		SolutionGuid = {C974573F-0083-4BEA-BF66-6066A3F67614}
	EndGlobalSection
EndGlobal
